
Microsoft Visual Studio Solution File, Format Version 12.00
# Visual Studio Version 17
VisualStudioVersion = 17.8.34330.188
MinimumVisualStudioVersion = 10.0.40219.1
Project("{FAE04EC0-301F-11D3-BF4B-00C04F79EFBC}") = "RatManager", "RatManager.csproj", "{329D00AD-8E72-4E4D-952D-0A103889753B}"
EndProject
Global
	GlobalSection(SolutionConfigurationPlatforms) = preSolution
		Debug|Any CPU = Debug|Any CPU
		Release|Any CPU = Release|Any CPU
	EndGlobalSection
	GlobalSection(ProjectConfigurationPlatforms) = postSolution
		{329D00AD-8E72-4E4D-952D-0A103889753B}.Debug|Any CPU.ActiveCfg = Debug|Any CPU
		{329D00AD-8E72-4E4D-952D-0A103889753B}.Debug|Any CPU.Build.0 = Debug|Any CPU
		{329D00AD-8E72-4E4D-952D-0A103889753B}.Release|Any CPU.ActiveCfg = Release|Any CPU
		{329D00AD-8E72-4E4D-952D-0A103889753B}.Release|Any CPU.Build.0 = Release|Any CPU
	EndGlobalSection
	GlobalSection(SolutionProperties) = preSolution
		HideSolutionNode = FALSE
	EndGlobalSection
	GlobalSection(ExtensibilityGlobals) = postSolution
		SolutionGuid = {796F0282-EA11-42BA-9050-1F088EE2A544}
	EndGlobalSection
EndGlobal
