
Microsoft Visual Studio Solution File, Format Version 12.00
# Visual Studio Version 17
VisualStudioVersion = 17.8.34330.188
MinimumVisualStudioVersion = 10.0.40219.1
Project("{FAE04EC0-301F-11D3-BF4B-00C04F79EFBC}") = "RatClient", "RatClient.csproj", "{26A67157-2856-41B5-BC9F-74E48DB55227}"
EndProject
Global
	GlobalSection(SolutionConfigurationPlatforms) = preSolution
		Debug|Any CPU = Debug|Any CPU
		Release|Any CPU = Release|Any CPU
	EndGlobalSection
	GlobalSection(ProjectConfigurationPlatforms) = postSolution
		{26A67157-2856-41B5-BC9F-74E48DB55227}.Debug|Any CPU.ActiveCfg = Debug|Any CPU
		{26A67157-2856-41B5-BC9F-74E48DB55227}.Debug|Any CPU.Build.0 = Debug|Any CPU
		{26A67157-2856-41B5-BC9F-74E48DB55227}.Release|Any CPU.ActiveCfg = Release|Any CPU
		{26A67157-2856-41B5-BC9F-74E48DB55227}.Release|Any CPU.Build.0 = Release|Any CPU
	EndGlobalSection
	GlobalSection(SolutionProperties) = preSolution
		HideSolutionNode = FALSE
	EndGlobalSection
	GlobalSection(ExtensibilityGlobals) = postSolution
		SolutionGuid = {68F38107-B506-4C2B-A182-907B9F23912B}
	EndGlobalSection
EndGlobal
